// !$*UTF8*$!
{
	archiveVersion = 1;
	classes = {
	};
	objectVersion = 51;
	objects = {

/* Begin PBXBuildFile section */
		4C33297176FDA1FA9FB302D5 /* Pods_NetworkPractice.framework in Frameworks */ = {isa = PBXBuildFile; fileRef = 70A0775894982DF4D5B66DE5 /* Pods_NetworkPractice.framework */; };
		EA52453024DE589C0016E15C /* ViewController2.swift in Sources */ = {isa = PBXBuildFile; fileRef = EA52452F24DE589C0016E15C /* ViewController2.swift */; };
		EA55E7DB24DAB88E0082FA2E /* AppDelegate.swift in Sources */ = {isa = PBXBuildFile; fileRef = EA55E7DA24DAB88E0082FA2E /* AppDelegate.swift */; };
		EA55E7DD24DAB88E0082FA2E /* SceneDelegate.swift in Sources */ = {isa = PBXBuildFile; fileRef = EA55E7DC24DAB88E0082FA2E /* SceneDelegate.swift */; };
		EA55E7DF24DAB88E0082FA2E /* ViewController.swift in Sources */ = {isa = PBXBuildFile; fileRef = EA55E7DE24DAB88E0082FA2E /* ViewController.swift */; };
		EA55E7E424DAB8900082FA2E /* Assets.xcassets in Resources */ = {isa = PBXBuildFile; fileRef = EA55E7E324DAB8900082FA2E /* Assets.xcassets */; };
		EA55E7E724DAB8900082FA2E /* LaunchScreen.storyboard in Resources */ = {isa = PBXBuildFile; fileRef = EA55E7E524DAB8900082FA2E /* LaunchScreen.storyboard */; };
		EA688D1124E1804E00546BB4 /* DetailViewController.swift in Sources */ = {isa = PBXBuildFile; fileRef = EA688D1024E1804E00546BB4 /* DetailViewController.swift */; };
/* End PBXBuildFile section */

/* Begin PBXFileReference section */
		08771EB0D68BDF9F88069939 /* Pods-NetworkPractice.debug.xcconfig */ = {isa = PBXFileReference; includeInIndex = 1; lastKnownFileType = text.xcconfig; name = "Pods-NetworkPractice.debug.xcconfig"; path = "Target Support Files/Pods-NetworkPractice/Pods-NetworkPractice.debug.xcconfig"; sourceTree = "<group>"; };
		342FC3C301F795BEF61CDC72 /* Pods-NetworkPractice.release.xcconfig */ = {isa = PBXFileReference; includeInIndex = 1; lastKnownFileType = text.xcconfig; name = "Pods-NetworkPractice.release.xcconfig"; path = "Target Support Files/Pods-NetworkPractice/Pods-NetworkPractice.release.xcconfig"; sourceTree = "<group>"; };
		70A0775894982DF4D5B66DE5 /* Pods_NetworkPractice.framework */ = {isa = PBXFileReference; explicitFileType = wrapper.framework; includeInIndex = 0; path = Pods_NetworkPractice.framework; sourceTree = BUILT_PRODUCTS_DIR; };
		EA52452F24DE589C0016E15C /* ViewController2.swift */ = {isa = PBXFileReference; lastKnownFileType = sourcecode.swift; path = ViewController2.swift; sourceTree = "<group>"; };
		EA55E7D724DAB88E0082FA2E /* NetworkPractice.app */ = {isa = PBXFileReference; explicitFileType = wrapper.application; includeInIndex = 0; path = NetworkPractice.app; sourceTree = BUILT_PRODUCTS_DIR; };
		EA55E7DA24DAB88E0082FA2E /* AppDelegate.swift */ = {isa = PBXFileReference; lastKnownFileType = sourcecode.swift; path = AppDelegate.swift; sourceTree = "<group>"; };
		EA55E7DC24DAB88E0082FA2E /* SceneDelegate.swift */ = {isa = PBXFileReference; lastKnownFileType = sourcecode.swift; path = SceneDelegate.swift; sourceTree = "<group>"; };
		EA55E7DE24DAB88E0082FA2E /* ViewController.swift */ = {isa = PBXFileReference; lastKnownFileType = sourcecode.swift; path = ViewController.swift; sourceTree = "<group>"; };
		EA55E7E324DAB8900082FA2E /* Assets.xcassets */ = {isa = PBXFileReference; lastKnownFileType = folder.assetcatalog; path = Assets.xcassets; sourceTree = "<group>"; };
		EA55E7E624DAB8900082FA2E /* Base */ = {isa = PBXFileReference; lastKnownFileType = file.storyboard; name = Base; path = Base.lproj/LaunchScreen.storyboard; sourceTree = "<group>"; };
		EA55E7E824DAB8900082FA2E /* Info.plist */ = {isa = PBXFileReference; lastKnownFileType = text.plist.xml; path = Info.plist; sourceTree = "<group>"; };
		EA688D1024E1804E00546BB4 /* DetailViewController.swift */ = {isa = PBXFileReference; lastKnownFileType = sourcecode.swift; path = DetailViewController.swift; sourceTree = "<group>"; };
/* End PBXFileReference section */

/* Begin PBXFrameworksBuildPhase section */
		EA55E7D424DAB88E0082FA2E /* Frameworks */ = {
			isa = PBXFrameworksBuildPhase;
			buildActionMask = 2147483647;
			files = (
				4C33297176FDA1FA9FB302D5 /* Pods_NetworkPractice.framework in Frameworks */,
			);
			runOnlyForDeploymentPostprocessing = 0;
		};
/* End PBXFrameworksBuildPhase section */

/* Begin PBXGroup section */
		363AB00C9FF61802D04AEDDD /* Pods */ = {
			isa = PBXGroup;
			children = (
				08771EB0D68BDF9F88069939 /* Pods-NetworkPractice.debug.xcconfig */,
				342FC3C301F795BEF61CDC72 /* Pods-NetworkPractice.release.xcconfig */,
			);
			path = Pods;
			sourceTree = "<group>";
		};
		600D280B5DA582BE78BB5C6A /* Frameworks */ = {
			isa = PBXGroup;
			children = (
				70A0775894982DF4D5B66DE5 /* Pods_NetworkPractice.framework */,
			);
			name = Frameworks;
			sourceTree = "<group>";
		};
		EA55E7CE24DAB88E0082FA2E = {
			isa = PBXGroup;
			children = (
				EA55E7D924DAB88E0082FA2E /* NetworkPractice */,
				EA55E7D824DAB88E0082FA2E /* Products */,
				363AB00C9FF61802D04AEDDD /* Pods */,
				600D280B5DA582BE78BB5C6A /* Frameworks */,
			);
			sourceTree = "<group>";
		};
		EA55E7D824DAB88E0082FA2E /* Products */ = {
			isa = PBXGroup;
			children = (
				EA55E7D724DAB88E0082FA2E /* NetworkPractice.app */,
			);
			name = Products;
			sourceTree = "<group>";
		};
		EA55E7D924DAB88E0082FA2E /* NetworkPractice */ = {
			isa = PBXGroup;
			children = (
				EA55E7DA24DAB88E0082FA2E /* AppDelegate.swift */,
				EA55E7DC24DAB88E0082FA2E /* SceneDelegate.swift */,
				EA55E7DE24DAB88E0082FA2E /* ViewController.swift */,
				EA52452F24DE589C0016E15C /* ViewController2.swift */,
				EA55E7E324DAB8900082FA2E /* Assets.xcassets */,
				EA55E7E524DAB8900082FA2E /* LaunchScreen.storyboard */,
				EA55E7E824DAB8900082FA2E /* Info.plist */,
				EA688D1024E1804E00546BB4 /* DetailViewController.swift */,
			);
			path = NetworkPractice;
			sourceTree = "<group>";
		};
/* End PBXGroup section */

/* Begin PBXNativeTarget section */
		EA55E7D624DAB88E0082FA2E /* NetworkPractice */ = {
			isa = PBXNativeTarget;
			buildConfigurationList = EA55E7EB24DAB8900082FA2E /* Build configuration list for PBXNativeTarget "NetworkPractice" */;
			buildPhases = (
				0CE588C2002C191E1EA8C61D /* [CP] Check Pods Manifest.lock */,
				EA55E7D324DAB88E0082FA2E /* Sources */,
				EA55E7D424DAB88E0082FA2E /* Frameworks */,
				EA55E7D524DAB88E0082FA2E /* Resources */,
				75C54EC9C96DD244B9856946 /* [CP] Embed Pods Frameworks */,
			);
			buildRules = (
			);
			dependencies = (
			);
			name = NetworkPractice;
			productName = NetworkPractice;
			productReference = EA55E7D724DAB88E0082FA2E /* NetworkPractice.app */;
			productType = "com.apple.product-type.application";
		};
/* End PBXNativeTarget section */

/* Begin PBXProject section */
		EA55E7CF24DAB88E0082FA2E /* Project object */ = {
			isa = PBXProject;
			attributes = {
				LastSwiftUpdateCheck = 1150;
				LastUpgradeCheck = 1150;
				ORGANIZATIONNAME = "권성우";
				TargetAttributes = {
					EA55E7D624DAB88E0082FA2E = {
						CreatedOnToolsVersion = 11.5;
					};
				};
			};
			buildConfigurationList = EA55E7D224DAB88E0082FA2E /* Build configuration list for PBXProject "NetworkPractice" */;
			compatibilityVersion = "Xcode 9.3";
			developmentRegion = en;
			hasScannedForEncodings = 0;
			knownRegions = (
				en,
				Base,
			);
			mainGroup = EA55E7CE24DAB88E0082FA2E;
			productRefGroup = EA55E7D824DAB88E0082FA2E /* Products */;
			projectDirPath = "";
			projectRoot = "";
			targets = (
				EA55E7D624DAB88E0082FA2E /* NetworkPractice */,
			);
		};
/* End PBXProject section */

/* Begin PBXResourcesBuildPhase section */
		EA55E7D524DAB88E0082FA2E /* Resources */ = {
			isa = PBXResourcesBuildPhase;
			buildActionMask = 2147483647;
			files = (
				EA55E7E724DAB8900082FA2E /* LaunchScreen.storyboard in Resources */,
				EA55E7E424DAB8900082FA2E /* Assets.xcassets in Resources */,
			);
			runOnlyForDeploymentPostprocessing = 0;
		};
/* End PBXResourcesBuildPhase section */

/* Begin PBXShellScriptBuildPhase section */
		0CE588C2002C191E1EA8C61D /* [CP] Check Pods Manifest.lock */ = {
			isa = PBXShellScriptBuildPhase;
			buildActionMask = 2147483647;
			files = (
			);
			inputFileListPaths = (
			);
			inputPaths = (
				"${PODS_PODFILE_DIR_PATH}/Podfile.lock",
				"${PODS_ROOT}/Manifest.lock",
			);
			name = "[CP] Check Pods Manifest.lock";
			outputFileListPaths = (
			);
			outputPaths = (
				"$(DERIVED_FILE_DIR)/Pods-NetworkPractice-checkManifestLockResult.txt",
			);
			runOnlyForDeploymentPostprocessing = 0;
			shellPath = /bin/sh;
			shellScript = "diff \"${PODS_PODFILE_DIR_PATH}/Podfile.lock\" \"${PODS_ROOT}/Manifest.lock\" > /dev/null\nif [ $? != 0 ] ; then\n    # print error to STDERR\n    echo \"error: The sandbox is not in sync with the Podfile.lock. Run 'pod install' or update your CocoaPods installation.\" >&2\n    exit 1\nfi\n# This output is used by Xcode 'outputs' to avoid re-running this script phase.\necho \"SUCCESS\" > \"${SCRIPT_OUTPUT_FILE_0}\"\n";
			showEnvVarsInLog = 0;
		};
		75C54EC9C96DD244B9856946 /* [CP] Embed Pods Frameworks */ = {
			isa = PBXShellScriptBuildPhase;
			buildActionMask = 2147483647;
			files = (
			);
			inputFileListPaths = (
				"${PODS_ROOT}/Target Support Files/Pods-NetworkPractice/Pods-NetworkPractice-frameworks-${CONFIGURATION}-input-files.xcfilelist",
			);
			name = "[CP] Embed Pods Frameworks";
			outputFileListPaths = (
				"${PODS_ROOT}/Target Support Files/Pods-NetworkPractice/Pods-NetworkPractice-frameworks-${CONFIGURATION}-output-files.xcfilelist",
			);
			runOnlyForDeploymentPostprocessing = 0;
			shellPath = /bin/sh;
			shellScript = "\"${PODS_ROOT}/Target Support Files/Pods-NetworkPractice/Pods-NetworkPractice-frameworks.sh\"\n";
			showEnvVarsInLog = 0;
		};
/* End PBXShellScriptBuildPhase section */

/* Begin PBXSourcesBuildPhase section */
		EA55E7D324DAB88E0082FA2E /* Sources */ = {
			isa = PBXSourcesBuildPhase;
			buildActionMask = 2147483647;
			files = (
				EA55E7DF24DAB88E0082FA2E /* ViewController.swift in Sources */,
				EA52453024DE589C0016E15C /* ViewController2.swift in Sources */,
				EA688D1124E1804E00546BB4 /* DetailViewController.swift in Sources */,
				EA55E7DB24DAB88E0082FA2E /* AppDelegate.swift in Sources */,
				EA55E7DD24DAB88E0082FA2E /* SceneDelegate.swift in Sources */,
			);
			runOnlyForDeploymentPostprocessing = 0;
		};
/* End PBXSourcesBuildPhase section */

/* Begin PBXVariantGroup section */
		EA55E7E524DAB8900082FA2E /* LaunchScreen.storyboard */ = {
			isa = PBXVariantGroup;
			children = (
				EA55E7E624DAB8900082FA2E /* Base */,
			);
			name = LaunchScreen.storyboard;
			sourceTree = "<group>";
		};
/* End PBXVariantGroup section */

/* Begin XCBuildConfiguration section */
		EA55E7E924DAB8900082FA2E /* Debug */ = {
			isa = XCBuildConfiguration;
			buildSettings = {
				ALWAYS_SEARCH_USER_PATHS = NO;
				CLANG_ANALYZER_NONNULL = YES;
				CLANG_ANALYZER_NUMBER_OBJECT_CONVERSION = YES_AGGRESSIVE;
				CLANG_CXX_LANGUAGE_STANDARD = "gnu++14";
				CLANG_CXX_LIBRARY = "libc++";
				CLANG_ENABLE_MODULES = YES;
				CLANG_ENABLE_OBJC_ARC = YES;
				CLANG_ENABLE_OBJC_WEAK = YES;
				CLANG_WARN_BLOCK_CAPTURE_AUTORELEASING = YES;
				CLANG_WARN_BOOL_CONVERSION = YES;
				CLANG_WARN_COMMA = YES;
				CLANG_WARN_CONSTANT_CONVERSION = YES;
				CLANG_WARN_DEPRECATED_OBJC_IMPLEMENTATIONS = YES;
				CLANG_WARN_DIRECT_OBJC_ISA_USAGE = YES_ERROR;
				CLANG_WARN_DOCUMENTATION_COMMENTS = YES;
				CLANG_WARN_EMPTY_BODY = YES;
				CLANG_WARN_ENUM_CONVERSION = YES;
				CLANG_WARN_INFINITE_RECURSION = YES;
				CLANG_WARN_INT_CONVERSION = YES;
				CLANG_WARN_NON_LITERAL_NULL_CONVERSION = YES;
				CLANG_WARN_OBJC_IMPLICIT_RETAIN_SELF = YES;
				CLANG_WARN_OBJC_LITERAL_CONVERSION = YES;
				CLANG_WARN_OBJC_ROOT_CLASS = YES_ERROR;
				CLANG_WARN_RANGE_LOOP_ANALYSIS = YES;
				CLANG_WARN_STRICT_PROTOTYPES = YES;
				CLANG_WARN_SUSPICIOUS_MOVE = YES;
				CLANG_WARN_UNGUARDED_AVAILABILITY = YES_AGGRESSIVE;
				CLANG_WARN_UNREACHABLE_CODE = YES;
				CLANG_WARN__DUPLICATE_METHOD_MATCH = YES;
				COPY_PHASE_STRIP = NO;
				DEBUG_INFORMATION_FORMAT = dwarf;
				ENABLE_STRICT_OBJC_MSGSEND = YES;
				ENABLE_TESTABILITY = YES;
				GCC_C_LANGUAGE_STANDARD = gnu11;
				GCC_DYNAMIC_NO_PIC = NO;
				GCC_NO_COMMON_BLOCKS = YES;
				GCC_OPTIMIZATION_LEVEL = 0;
				GCC_PREPROCESSOR_DEFINITIONS = (
					"DEBUG=1",
					"$(inherited)",
				);
				GCC_WARN_64_TO_32_BIT_CONVERSION = YES;
				GCC_WARN_ABOUT_RETURN_TYPE = YES_ERROR;
				GCC_WARN_UNDECLARED_SELECTOR = YES;
				GCC_WARN_UNINITIALIZED_AUTOS = YES_AGGRESSIVE;
				GCC_WARN_UNUSED_FUNCTION = YES;
				GCC_WARN_UNUSED_VARIABLE = YES;
				IPHONEOS_DEPLOYMENT_TARGET = 13.5;
				MTL_ENABLE_DEBUG_INFO = INCLUDE_SOURCE;
				MTL_FAST_MATH = YES;
				ONLY_ACTIVE_ARCH = YES;
				SDKROOT = iphoneos;
				SWIFT_ACTIVE_COMPILATION_CONDITIONS = DEBUG;
				SWIFT_OPTIMIZATION_LEVEL = "-Onone";
			};
			name = Debug;
		};
		EA55E7EA24DAB8900082FA2E /* Release */ = {
			isa = XCBuildConfiguration;
			buildSettings = {
				ALWAYS_SEARCH_USER_PATHS = NO;
				CLANG_ANALYZER_NONNULL = YES;
				CLANG_ANALYZER_NUMBER_OBJECT_CONVERSION = YES_AGGRESSIVE;
				CLANG_CXX_LANGUAGE_STANDARD = "gnu++14";
				CLANG_CXX_LIBRARY = "libc++";
				CLANG_ENABLE_MODULES = YES;
				CLANG_ENABLE_OBJC_ARC = YES;
				CLANG_ENABLE_OBJC_WEAK = YES;
				CLANG_WARN_BLOCK_CAPTURE_AUTORELEASING = YES;
				CLANG_WARN_BOOL_CONVERSION = YES;
				CLANG_WARN_COMMA = YES;
				CLANG_WARN_CONSTANT_CONVERSION = YES;
				CLANG_WARN_DEPRECATED_OBJC_IMPLEMENTATIONS = YES;
				CLANG_WARN_DIRECT_OBJC_ISA_USAGE = YES_ERROR;
				CLANG_WARN_DOCUMENTATION_COMMENTS = YES;
				CLANG_WARN_EMPTY_BODY = YES;
				CLANG_WARN_ENUM_CONVERSION = YES;
				CLANG_WARN_INFINITE_RECURSION = YES;
				CLANG_WARN_INT_CONVERSION = YES;
				CLANG_WARN_NON_LITERAL_NULL_CONVERSION = YES;
				CLANG_WARN_OBJC_IMPLICIT_RETAIN_SELF = YES;
				CLANG_WARN_OBJC_LITERAL_CONVERSION = YES;
				CLANG_WARN_OBJC_ROOT_CLASS = YES_ERROR;
				CLANG_WARN_RANGE_LOOP_ANALYSIS = YES;
				CLANG_WARN_STRICT_PROTOTYPES = YES;
				CLANG_WARN_SUSPICIOUS_MOVE = YES;
				CLANG_WARN_UNGUARDED_AVAILABILITY = YES_AGGRESSIVE;
				CLANG_WARN_UNREACHABLE_CODE = YES;
				CLANG_WARN__DUPLICATE_METHOD_MATCH = YES;
				COPY_PHASE_STRIP = NO;
				DEBUG_INFORMATION_FORMAT = "dwarf-with-dsym";
				ENABLE_NS_ASSERTIONS = NO;
				ENABLE_STRICT_OBJC_MSGSEND = YES;
				GCC_C_LANGUAGE_STANDARD = gnu11;
				GCC_NO_COMMON_BLOCKS = YES;
				GCC_WARN_64_TO_32_BIT_CONVERSION = YES;
				GCC_WARN_ABOUT_RETURN_TYPE = YES_ERROR;
				GCC_WARN_UNDECLARED_SELECTOR = YES;
				GCC_WARN_UNINITIALIZED_AUTOS = YES_AGGRESSIVE;
				GCC_WARN_UNUSED_FUNCTION = YES;
				GCC_WARN_UNUSED_VARIABLE = YES;
				IPHONEOS_DEPLOYMENT_TARGET = 13.5;
				MTL_ENABLE_DEBUG_INFO = NO;
				MTL_FAST_MATH = YES;
				SDKROOT = iphoneos;
				SWIFT_COMPILATION_MODE = wholemodule;
				SWIFT_OPTIMIZATION_LEVEL = "-O";
				VALIDATE_PRODUCT = YES;
			};
			name = Release;
		};
		EA55E7EC24DAB8900082FA2E /* Debug */ = {
			isa = XCBuildConfiguration;
			baseConfigurationReference = 08771EB0D68BDF9F88069939 /* Pods-NetworkPractice.debug.xcconfig */;
			buildSettings = {
				ASSETCATALOG_COMPILER_APPICON_NAME = AppIcon;
				CODE_SIGN_STYLE = Automatic;
				DEVELOPMENT_TEAM = L2VUB7Y3L2;
				INFOPLIST_FILE = NetworkPractice/Info.plist;
				LD_RUNPATH_SEARCH_PATHS = (
					"$(inherited)",
					"@executable_path/Frameworks",
				);
				PRODUCT_BUNDLE_IDENTIFIER = KSW.NetworkPractice;
				PRODUCT_NAME = "$(TARGET_NAME)";
				SWIFT_VERSION = 5.0;
				TARGETED_DEVICE_FAMILY = "1,2";
			};
			name = Debug;
		};
		EA55E7ED24DAB8900082FA2E /* Release */ = {
			isa = XCBuildConfiguration;
			baseConfigurationReference = 342FC3C301F795BEF61CDC72 /* Pods-NetworkPractice.release.xcconfig */;
			buildSettings = {
				ASSETCATALOG_COMPILER_APPICON_NAME = AppIcon;
				CODE_SIGN_STYLE = Automatic;
				DEVELOPMENT_TEAM = L2VUB7Y3L2;
				INFOPLIST_FILE = NetworkPractice/Info.plist;
				LD_RUNPATH_SEARCH_PATHS = (
					"$(inherited)",
					"@executable_path/Frameworks",
				);
				PRODUCT_BUNDLE_IDENTIFIER = KSW.NetworkPractice;
				PRODUCT_NAME = "$(TARGET_NAME)";
				SWIFT_VERSION = 5.0;
				TARGETED_DEVICE_FAMILY = "1,2";
			};
			name = Release;
		};
/* End XCBuildConfiguration section */

/* Begin XCConfigurationList section */
		EA55E7D224DAB88E0082FA2E /* Build configuration list for PBXProject "NetworkPractice" */ = {
			isa = XCConfigurationList;
			buildConfigurations = (
				EA55E7E924DAB8900082FA2E /* Debug */,
				EA55E7EA24DAB8900082FA2E /* Release */,
			);
			defaultConfigurationIsVisible = 0;
			defaultConfigurationName = Release;
		};
		EA55E7EB24DAB8900082FA2E /* Build configuration list for PBXNativeTarget "NetworkPractice" */ = {
			isa = XCConfigurationList;
			buildConfigurations = (
				EA55E7EC24DAB8900082FA2E /* Debug */,
				EA55E7ED24DAB8900082FA2E /* Release */,
			);
			defaultConfigurationIsVisible = 0;
			defaultConfigurationName = Release;
		};
/* End XCConfigurationList section */
	};
	rootObject = EA55E7CF24DAB88E0082FA2E /* Project object */;
}
